
Microsoft Visual Studio Solution File, Format Version 12.00
# Visual Studio Version 17
VisualStudioVersion = 17.4.33205.214
MinimumVisualStudioVersion = 10.0.40219.1
Project("{FAE04EC0-301F-11D3-BF4B-00C04F79EFBC}") = "FindRegexTextFile", "FindRegexTextFile\FindRegexTextFile.csproj", "{6C4FA6E6-2270-48EA-9764-4E0490BC32D7}"
EndProject
Global
	GlobalSection(SolutionConfigurationPlatforms) = preSolution
		Debug|Any CPU = Debug|Any CPU
		Release|Any CPU = Release|Any CPU
	EndGlobalSection
	GlobalSection(ProjectConfigurationPlatforms) = postSolution
		{6C4FA6E6-2270-48EA-9764-4E0490BC32D7}.Debug|Any CPU.ActiveCfg = Debug|Any CPU
		{6C4FA6E6-2270-48EA-9764-4E0490BC32D7}.Debug|Any CPU.Build.0 = Debug|Any CPU
		{6C4FA6E6-2270-48EA-9764-4E0490BC32D7}.Release|Any CPU.ActiveCfg = Release|Any CPU
		{6C4FA6E6-2270-48EA-9764-4E0490BC32D7}.Release|Any CPU.Build.0 = Release|Any CPU
	EndGlobalSection
	GlobalSection(SolutionProperties) = preSolution
		HideSolutionNode = FALSE
	EndGlobalSection
	GlobalSection(ExtensibilityGlobals) = postSolution
		SolutionGuid = {6EEB899E-F765-47EC-8476-FCD4B43F09F3}
	EndGlobalSection
EndGlobal
